
Microsoft Visual Studio Solution File, Format Version 12.00
# Visual Studio Version 16
VisualStudioVersion = 16.0.28729.10
MinimumVisualStudioVersion = 10.0.40219.1
Project("{159641D6-6404-4A2A-AE62-294DE0FE8301}") = "ETLAsegurados", "ETLAsegurados.dtproj", "{263A7B23-9B93-4E35-9654-B0CED63C2CE4}"
EndProject
Global
	GlobalSection(SolutionConfigurationPlatforms) = preSolution
		Development|Default = Development|Default
	EndGlobalSection
	GlobalSection(ProjectConfigurationPlatforms) = postSolution
		{263A7B23-9B93-4E35-9654-B0CED63C2CE4}.Development|Default.ActiveCfg = Development
		{263A7B23-9B93-4E35-9654-B0CED63C2CE4}.Development|Default.Build.0 = Development
	EndGlobalSection
	GlobalSection(SolutionProperties) = preSolution
		HideSolutionNode = FALSE
	EndGlobalSection
	GlobalSection(ExtensibilityGlobals) = postSolution
		SolutionGuid = {102CAE01-4391-4ABD-B77F-7C54F6F61D99}
	EndGlobalSection
EndGlobal
